
Microsoft Visual Studio Solution File, Format Version 12.00
# Visual Studio Version 17
VisualStudioVersion = 17.4.33110.190
MinimumVisualStudioVersion = 10.0.40219.1
Project("{FAE04EC0-301F-11D3-BF4B-00C04F79EFBC}") = "LAB OOP 00A", "LAB OOP 00A\LAB OOP 00A.csproj", "{978B5ABC-BC12-49E7-B28B-594471DBAE71}"
EndProject
Global
	GlobalSection(SolutionConfigurationPlatforms) = preSolution
		Debug|Any CPU = Debug|Any CPU
		Release|Any CPU = Release|Any CPU
	EndGlobalSection
	GlobalSection(ProjectConfigurationPlatforms) = postSolution
		{978B5ABC-BC12-49E7-B28B-594471DBAE71}.Debug|Any CPU.ActiveCfg = Debug|Any CPU
		{978B5ABC-BC12-49E7-B28B-594471DBAE71}.Debug|Any CPU.Build.0 = Debug|Any CPU
		{978B5ABC-BC12-49E7-B28B-594471DBAE71}.Release|Any CPU.ActiveCfg = Release|Any CPU
		{978B5ABC-BC12-49E7-B28B-594471DBAE71}.Release|Any CPU.Build.0 = Release|Any CPU
	EndGlobalSection
	GlobalSection(SolutionProperties) = preSolution
		HideSolutionNode = FALSE
	EndGlobalSection
	GlobalSection(ExtensibilityGlobals) = postSolution
		SolutionGuid = {9AEE11DB-7129-4B03-A53E-67C993BDFB3B}
	EndGlobalSection
EndGlobal
